// !$*UTF8*$!
{
	archiveVersion = 1;
	classes = {
	};
	objectVersion = 55;
	objects = {

/* Begin PBXBuildFile section */
		3A3904B52A7063840062BABE /* AppDelegate.swift in Sources */ = {isa = PBXBuildFile; fileRef = 3A3904B42A7063840062BABE /* AppDelegate.swift */; };
		3A3904B72A7063840062BABE /* SceneDelegate.swift in Sources */ = {isa = PBXBuildFile; fileRef = 3A3904B62A7063840062BABE /* SceneDelegate.swift */; };
		3A3904B92A7063840062BABE /* ViewController.swift in Sources */ = {isa = PBXBuildFile; fileRef = 3A3904B82A7063840062BABE /* ViewController.swift */; };
		3A3904BE2A7063860062BABE /* Assets.xcassets in Resources */ = {isa = PBXBuildFile; fileRef = 3A3904BD2A7063860062BABE /* Assets.xcassets */; };
		3A3904C12A7063860062BABE /* LaunchScreen.storyboard in Resources */ = {isa = PBXBuildFile; fileRef = 3A3904BF2A7063860062BABE /* LaunchScreen.storyboard */; };
		3A3904C92A70639F0062BABE /* NetworkManager.swift in Sources */ = {isa = PBXBuildFile; fileRef = 3A3904C82A70639F0062BABE /* NetworkManager.swift */; };
		3A3904CD2A706D3C0062BABE /* ViewModel.swift in Sources */ = {isa = PBXBuildFile; fileRef = 3A3904CC2A706D3C0062BABE /* ViewModel.swift */; };
		3A3904CF2A707E1A0062BABE /* CountryTableViewCell.swift in Sources */ = {isa = PBXBuildFile; fileRef = 3A3904CE2A707E1A0062BABE /* CountryTableViewCell.swift */; };
		3A3904D12A707E760062BABE /* Constants.swift in Sources */ = {isa = PBXBuildFile; fileRef = 3A3904D02A707E760062BABE /* Constants.swift */; };
		3A4CBE7C2D70C228003CDED6 /* Country.swift in Sources */ = {isa = PBXBuildFile; fileRef = 3A4CBE7B2D70C228003CDED6 /* Country.swift */; };
		3A4CBE7E2D70C2DC003CDED6 /* NetworkModel.swift in Sources */ = {isa = PBXBuildFile; fileRef = 3A4CBE7D2D70C2DC003CDED6 /* NetworkModel.swift */; };
/* End PBXBuildFile section */

/* Begin PBXFileReference section */
		3A3904B12A7063840062BABE /* Countries.app */ = {isa = PBXFileReference; explicitFileType = wrapper.application; includeInIndex = 0; path = Countries.app; sourceTree = BUILT_PRODUCTS_DIR; };
		3A3904B42A7063840062BABE /* AppDelegate.swift */ = {isa = PBXFileReference; lastKnownFileType = sourcecode.swift; path = AppDelegate.swift; sourceTree = "<group>"; };
		3A3904B62A7063840062BABE /* SceneDelegate.swift */ = {isa = PBXFileReference; lastKnownFileType = sourcecode.swift; path = SceneDelegate.swift; sourceTree = "<group>"; };
		3A3904B82A7063840062BABE /* ViewController.swift */ = {isa = PBXFileReference; lastKnownFileType = sourcecode.swift; path = ViewController.swift; sourceTree = "<group>"; };
		3A3904BD2A7063860062BABE /* Assets.xcassets */ = {isa = PBXFileReference; lastKnownFileType = folder.assetcatalog; path = Assets.xcassets; sourceTree = "<group>"; };
		3A3904C02A7063860062BABE /* Base */ = {isa = PBXFileReference; lastKnownFileType = file.storyboard; name = Base; path = Base.lproj/LaunchScreen.storyboard; sourceTree = "<group>"; };
		3A3904C22A7063860062BABE /* Info.plist */ = {isa = PBXFileReference; lastKnownFileType = text.plist.xml; path = Info.plist; sourceTree = "<group>"; };
		3A3904C82A70639F0062BABE /* NetworkManager.swift */ = {isa = PBXFileReference; lastKnownFileType = sourcecode.swift; path = NetworkManager.swift; sourceTree = "<group>"; };
		3A3904CC2A706D3C0062BABE /* ViewModel.swift */ = {isa = PBXFileReference; lastKnownFileType = sourcecode.swift; path = ViewModel.swift; sourceTree = "<group>"; };
		3A3904CE2A707E1A0062BABE /* CountryTableViewCell.swift */ = {isa = PBXFileReference; lastKnownFileType = sourcecode.swift; path = CountryTableViewCell.swift; sourceTree = "<group>"; };
		3A3904D02A707E760062BABE /* Constants.swift */ = {isa = PBXFileReference; lastKnownFileType = sourcecode.swift; path = Constants.swift; sourceTree = "<group>"; };
		3A4CBE7B2D70C228003CDED6 /* Country.swift */ = {isa = PBXFileReference; lastKnownFileType = sourcecode.swift; path = Country.swift; sourceTree = "<group>"; };
		3A4CBE7D2D70C2DC003CDED6 /* NetworkModel.swift */ = {isa = PBXFileReference; lastKnownFileType = sourcecode.swift; path = NetworkModel.swift; sourceTree = "<group>"; };
/* End PBXFileReference section */

/* Begin PBXFrameworksBuildPhase section */
		3A3904AE2A7063840062BABE /* Frameworks */ = {
			isa = PBXFrameworksBuildPhase;
			buildActionMask = 2147483647;
			files = (
			);
			runOnlyForDeploymentPostprocessing = 0;
		};
/* End PBXFrameworksBuildPhase section */

/* Begin PBXGroup section */
		3A3904A82A7063840062BABE = {
			isa = PBXGroup;
			children = (
				3A3904B32A7063840062BABE /* Countries */,
				3A3904B22A7063840062BABE /* Products */,
			);
			sourceTree = "<group>";
		};
		3A3904B22A7063840062BABE /* Products */ = {
			isa = PBXGroup;
			children = (
				3A3904B12A7063840062BABE /* Countries.app */,
			);
			name = Products;
			sourceTree = "<group>";
		};
		3A3904B32A7063840062BABE /* Countries */ = {
			isa = PBXGroup;
			children = (
				3A4CBE7F2D70C2F4003CDED6 /* Cell */,
				3A4CBE842D70C355003CDED6 /* Constants */,
				3A4CBE812D70C310003CDED6 /* Model */,
				3A4CBE832D70C345003CDED6 /* Services */,
				3A4CBE802D70C302003CDED6 /* ViewControllers */,
				3A4CBE822D70C339003CDED6 /* ViewModels */,
				3A3904B42A7063840062BABE /* AppDelegate.swift */,
				3A3904B62A7063840062BABE /* SceneDelegate.swift */,
				3A3904BD2A7063860062BABE /* Assets.xcassets */,
				3A3904BF2A7063860062BABE /* LaunchScreen.storyboard */,
				3A3904C22A7063860062BABE /* Info.plist */,
			);
			path = Countries;
			sourceTree = "<group>";
		};
		3A4CBE7F2D70C2F4003CDED6 /* Cell */ = {
			isa = PBXGroup;
			children = (
				3A3904CE2A707E1A0062BABE /* CountryTableViewCell.swift */,
			);
			path = Cell;
			sourceTree = "<group>";
		};
		3A4CBE802D70C302003CDED6 /* ViewControllers */ = {
			isa = PBXGroup;
			children = (
				3A3904B82A7063840062BABE /* ViewController.swift */,
			);
			path = ViewControllers;
			sourceTree = "<group>";
		};
		3A4CBE812D70C310003CDED6 /* Model */ = {
			isa = PBXGroup;
			children = (
				3A4CBE7B2D70C228003CDED6 /* Country.swift */,
			);
			path = Model;
			sourceTree = "<group>";
		};
		3A4CBE822D70C339003CDED6 /* ViewModels */ = {
			isa = PBXGroup;
			children = (
				3A3904CC2A706D3C0062BABE /* ViewModel.swift */,
			);
			path = ViewModels;
			sourceTree = "<group>";
		};
		3A4CBE832D70C345003CDED6 /* Services */ = {
			isa = PBXGroup;
			children = (
				3A3904C82A70639F0062BABE /* NetworkManager.swift */,
				3A4CBE7D2D70C2DC003CDED6 /* NetworkModel.swift */,
			);
			path = Services;
			sourceTree = "<group>";
		};
		3A4CBE842D70C355003CDED6 /* Constants */ = {
			isa = PBXGroup;
			children = (
				3A3904D02A707E760062BABE /* Constants.swift */,
			);
			path = Constants;
			sourceTree = "<group>";
		};
/* End PBXGroup section */

/* Begin PBXNativeTarget section */
		3A3904B02A7063840062BABE /* Countries */ = {
			isa = PBXNativeTarget;
			buildConfigurationList = 3A3904C52A7063860062BABE /* Build configuration list for PBXNativeTarget "Countries" */;
			buildPhases = (
				3A3904AD2A7063840062BABE /* Sources */,
				3A3904AE2A7063840062BABE /* Frameworks */,
				3A3904AF2A7063840062BABE /* Resources */,
			);
			buildRules = (
			);
			dependencies = (
			);
			name = Countries;
			productName = Countries;
			productReference = 3A3904B12A7063840062BABE /* Countries.app */;
			productType = "com.apple.product-type.application";
		};
/* End PBXNativeTarget section */

/* Begin PBXProject section */
		3A3904A92A7063840062BABE /* Project object */ = {
			isa = PBXProject;
			attributes = {
				BuildIndependentTargetsInParallel = 1;
				LastSwiftUpdateCheck = 1340;
				LastUpgradeCheck = 1340;
				TargetAttributes = {
					3A3904B02A7063840062BABE = {
						CreatedOnToolsVersion = 13.4.1;
					};
				};
			};
			buildConfigurationList = 3A3904AC2A7063840062BABE /* Build configuration list for PBXProject "Countries" */;
			compatibilityVersion = "Xcode 13.0";
			developmentRegion = en;
			hasScannedForEncodings = 0;
			knownRegions = (
				en,
				Base,
			);
			mainGroup = 3A3904A82A7063840062BABE;
			productRefGroup = 3A3904B22A7063840062BABE /* Products */;
			projectDirPath = "";
			projectRoot = "";
			targets = (
				3A3904B02A7063840062BABE /* Countries */,
			);
		};
/* End PBXProject section */

/* Begin PBXResourcesBuildPhase section */
		3A3904AF2A7063840062BABE /* Resources */ = {
			isa = PBXResourcesBuildPhase;
			buildActionMask = 2147483647;
			files = (
				3A3904C12A7063860062BABE /* LaunchScreen.storyboard in Resources */,
				3A3904BE2A7063860062BABE /* Assets.xcassets in Resources */,
			);
			runOnlyForDeploymentPostprocessing = 0;
		};
/* End PBXResourcesBuildPhase section */

/* Begin PBXSourcesBuildPhase section */
		3A3904AD2A7063840062BABE /* Sources */ = {
			isa = PBXSourcesBuildPhase;
			buildActionMask = 2147483647;
			files = (
				3A3904C92A70639F0062BABE /* NetworkManager.swift in Sources */,
				3A4CBE7C2D70C228003CDED6 /* Country.swift in Sources */,
				3A3904B92A7063840062BABE /* ViewController.swift in Sources */,
				3A3904B52A7063840062BABE /* AppDelegate.swift in Sources */,
				3A3904B72A7063840062BABE /* SceneDelegate.swift in Sources */,
				3A3904CD2A706D3C0062BABE /* ViewModel.swift in Sources */,
				3A3904CF2A707E1A0062BABE /* CountryTableViewCell.swift in Sources */,
				3A4CBE7E2D70C2DC003CDED6 /* NetworkModel.swift in Sources */,
				3A3904D12A707E760062BABE /* Constants.swift in Sources */,
			);
			runOnlyForDeploymentPostprocessing = 0;
		};
/* End PBXSourcesBuildPhase section */

/* Begin PBXVariantGroup section */
		3A3904BF2A7063860062BABE /* LaunchScreen.storyboard */ = {
			isa = PBXVariantGroup;
			children = (
				3A3904C02A7063860062BABE /* Base */,
			);
			name = LaunchScreen.storyboard;
			sourceTree = "<group>";
		};
/* End PBXVariantGroup section */

/* Begin XCBuildConfiguration section */
		3A3904C32A7063860062BABE /* Debug */ = {
			isa = XCBuildConfiguration;
			buildSettings = {
				ALWAYS_SEARCH_USER_PATHS = NO;
				CLANG_ANALYZER_NONNULL = YES;
				CLANG_ANALYZER_NUMBER_OBJECT_CONVERSION = YES_AGGRESSIVE;
				CLANG_CXX_LANGUAGE_STANDARD = "gnu++17";
				CLANG_ENABLE_MODULES = YES;
				CLANG_ENABLE_OBJC_ARC = YES;
				CLANG_ENABLE_OBJC_WEAK = YES;
				CLANG_WARN_BLOCK_CAPTURE_AUTORELEASING = YES;
				CLANG_WARN_BOOL_CONVERSION = YES;
				CLANG_WARN_COMMA = YES;
				CLANG_WARN_CONSTANT_CONVERSION = YES;
				CLANG_WARN_DEPRECATED_OBJC_IMPLEMENTATIONS = YES;
				CLANG_WARN_DIRECT_OBJC_ISA_USAGE = YES_ERROR;
				CLANG_WARN_DOCUMENTATION_COMMENTS = YES;
				CLANG_WARN_EMPTY_BODY = YES;
				CLANG_WARN_ENUM_CONVERSION = YES;
				CLANG_WARN_INFINITE_RECURSION = YES;
				CLANG_WARN_INT_CONVERSION = YES;
				CLANG_WARN_NON_LITERAL_NULL_CONVERSION = YES;
				CLANG_WARN_OBJC_IMPLICIT_RETAIN_SELF = YES;
				CLANG_WARN_OBJC_LITERAL_CONVERSION = YES;
				CLANG_WARN_OBJC_ROOT_CLASS = YES_ERROR;
				CLANG_WARN_QUOTED_INCLUDE_IN_FRAMEWORK_HEADER = YES;
				CLANG_WARN_RANGE_LOOP_ANALYSIS = YES;
				CLANG_WARN_STRICT_PROTOTYPES = YES;
				CLANG_WARN_SUSPICIOUS_MOVE = YES;
				CLANG_WARN_UNGUARDED_AVAILABILITY = YES_AGGRESSIVE;
				CLANG_WARN_UNREACHABLE_CODE = YES;
				CLANG_WARN__DUPLICATE_METHOD_MATCH = YES;
				COPY_PHASE_STRIP = NO;
				DEBUG_INFORMATION_FORMAT = dwarf;
				ENABLE_STRICT_OBJC_MSGSEND = YES;
				ENABLE_TESTABILITY = YES;
				GCC_C_LANGUAGE_STANDARD = gnu11;
				GCC_DYNAMIC_NO_PIC = NO;
				GCC_NO_COMMON_BLOCKS = YES;
				GCC_OPTIMIZATION_LEVEL = 0;
				GCC_PREPROCESSOR_DEFINITIONS = (
					"DEBUG=1",
					"$(inherited)",
				);
				GCC_WARN_64_TO_32_BIT_CONVERSION = YES;
				GCC_WARN_ABOUT_RETURN_TYPE = YES_ERROR;
				GCC_WARN_UNDECLARED_SELECTOR = YES;
				GCC_WARN_UNINITIALIZED_AUTOS = YES_AGGRESSIVE;
				GCC_WARN_UNUSED_FUNCTION = YES;
				GCC_WARN_UNUSED_VARIABLE = YES;
				IPHONEOS_DEPLOYMENT_TARGET = 15.5;
				MTL_ENABLE_DEBUG_INFO = INCLUDE_SOURCE;
				MTL_FAST_MATH = YES;
				ONLY_ACTIVE_ARCH = YES;
				SDKROOT = iphoneos;
				SWIFT_ACTIVE_COMPILATION_CONDITIONS = DEBUG;
				SWIFT_OPTIMIZATION_LEVEL = "-Onone";
			};
			name = Debug;
		};
		3A3904C42A7063860062BABE /* Release */ = {
			isa = XCBuildConfiguration;
			buildSettings = {
				ALWAYS_SEARCH_USER_PATHS = NO;
				CLANG_ANALYZER_NONNULL = YES;
				CLANG_ANALYZER_NUMBER_OBJECT_CONVERSION = YES_AGGRESSIVE;
				CLANG_CXX_LANGUAGE_STANDARD = "gnu++17";
				CLANG_ENABLE_MODULES = YES;
				CLANG_ENABLE_OBJC_ARC = YES;
				CLANG_ENABLE_OBJC_WEAK = YES;
				CLANG_WARN_BLOCK_CAPTURE_AUTORELEASING = YES;
				CLANG_WARN_BOOL_CONVERSION = YES;
				CLANG_WARN_COMMA = YES;
				CLANG_WARN_CONSTANT_CONVERSION = YES;
				CLANG_WARN_DEPRECATED_OBJC_IMPLEMENTATIONS = YES;
				CLANG_WARN_DIRECT_OBJC_ISA_USAGE = YES_ERROR;
				CLANG_WARN_DOCUMENTATION_COMMENTS = YES;
				CLANG_WARN_EMPTY_BODY = YES;
				CLANG_WARN_ENUM_CONVERSION = YES;
				CLANG_WARN_INFINITE_RECURSION = YES;
				CLANG_WARN_INT_CONVERSION = YES;
				CLANG_WARN_NON_LITERAL_NULL_CONVERSION = YES;
				CLANG_WARN_OBJC_IMPLICIT_RETAIN_SELF = YES;
				CLANG_WARN_OBJC_LITERAL_CONVERSION = YES;
				CLANG_WARN_OBJC_ROOT_CLASS = YES_ERROR;
				CLANG_WARN_QUOTED_INCLUDE_IN_FRAMEWORK_HEADER = YES;
				CLANG_WARN_RANGE_LOOP_ANALYSIS = YES;
				CLANG_WARN_STRICT_PROTOTYPES = YES;
				CLANG_WARN_SUSPICIOUS_MOVE = YES;
				CLANG_WARN_UNGUARDED_AVAILABILITY = YES_AGGRESSIVE;
				CLANG_WARN_UNREACHABLE_CODE = YES;
				CLANG_WARN__DUPLICATE_METHOD_MATCH = YES;
				COPY_PHASE_STRIP = NO;
				DEBUG_INFORMATION_FORMAT = "dwarf-with-dsym";
				ENABLE_NS_ASSERTIONS = NO;
				ENABLE_STRICT_OBJC_MSGSEND = YES;
				GCC_C_LANGUAGE_STANDARD = gnu11;
				GCC_NO_COMMON_BLOCKS = YES;
				GCC_WARN_64_TO_32_BIT_CONVERSION = YES;
				GCC_WARN_ABOUT_RETURN_TYPE = YES_ERROR;
				GCC_WARN_UNDECLARED_SELECTOR = YES;
				GCC_WARN_UNINITIALIZED_AUTOS = YES_AGGRESSIVE;
				GCC_WARN_UNUSED_FUNCTION = YES;
				GCC_WARN_UNUSED_VARIABLE = YES;
				IPHONEOS_DEPLOYMENT_TARGET = 15.5;
				MTL_ENABLE_DEBUG_INFO = NO;
				MTL_FAST_MATH = YES;
				SDKROOT = iphoneos;
				SWIFT_COMPILATION_MODE = wholemodule;
				SWIFT_OPTIMIZATION_LEVEL = "-O";
				VALIDATE_PRODUCT = YES;
			};
			name = Release;
		};
		3A3904C62A7063860062BABE /* Debug */ = {
			isa = XCBuildConfiguration;
			buildSettings = {
				ASSETCATALOG_COMPILER_APPICON_NAME = AppIcon;
				ASSETCATALOG_COMPILER_GLOBAL_ACCENT_COLOR_NAME = AccentColor;
				CODE_SIGN_STYLE = Automatic;
				CURRENT_PROJECT_VERSION = 1;
				GENERATE_INFOPLIST_FILE = YES;
				INFOPLIST_FILE = Countries/Info.plist;
				INFOPLIST_KEY_UIApplicationSupportsIndirectInputEvents = YES;
				INFOPLIST_KEY_UILaunchStoryboardName = LaunchScreen;
				INFOPLIST_KEY_UISupportedInterfaceOrientations_iPad = "UIInterfaceOrientationPortrait UIInterfaceOrientationPortraitUpsideDown UIInterfaceOrientationLandscapeLeft UIInterfaceOrientationLandscapeRight";
				INFOPLIST_KEY_UISupportedInterfaceOrientations_iPhone = "UIInterfaceOrientationPortrait UIInterfaceOrientationLandscapeLeft UIInterfaceOrientationLandscapeRight";
				LD_RUNPATH_SEARCH_PATHS = (
					"$(inherited)",
					"@executable_path/Frameworks",
				);
				MARKETING_VERSION = 1.0;
				PRODUCT_BUNDLE_IDENTIFIER = com.nkc.com.Countries;
				PRODUCT_NAME = "$(TARGET_NAME)";
				SWIFT_EMIT_LOC_STRINGS = YES;
				SWIFT_VERSION = 5.0;
				TARGETED_DEVICE_FAMILY = "1,2";
			};
			name = Debug;
		};
		3A3904C72A7063860062BABE /* Release */ = {
			isa = XCBuildConfiguration;
			buildSettings = {
				ASSETCATALOG_COMPILER_APPICON_NAME = AppIcon;
				ASSETCATALOG_COMPILER_GLOBAL_ACCENT_COLOR_NAME = AccentColor;
				CODE_SIGN_STYLE = Automatic;
				CURRENT_PROJECT_VERSION = 1;
				GENERATE_INFOPLIST_FILE = YES;
				INFOPLIST_FILE = Countries/Info.plist;
				INFOPLIST_KEY_UIApplicationSupportsIndirectInputEvents = YES;
				INFOPLIST_KEY_UILaunchStoryboardName = LaunchScreen;
				INFOPLIST_KEY_UISupportedInterfaceOrientations_iPad = "UIInterfaceOrientationPortrait UIInterfaceOrientationPortraitUpsideDown UIInterfaceOrientationLandscapeLeft UIInterfaceOrientationLandscapeRight";
				INFOPLIST_KEY_UISupportedInterfaceOrientations_iPhone = "UIInterfaceOrientationPortrait UIInterfaceOrientationLandscapeLeft UIInterfaceOrientationLandscapeRight";
				LD_RUNPATH_SEARCH_PATHS = (
					"$(inherited)",
					"@executable_path/Frameworks",
				);
				MARKETING_VERSION = 1.0;
				PRODUCT_BUNDLE_IDENTIFIER = com.nkc.com.Countries;
				PRODUCT_NAME = "$(TARGET_NAME)";
				SWIFT_EMIT_LOC_STRINGS = YES;
				SWIFT_VERSION = 5.0;
				TARGETED_DEVICE_FAMILY = "1,2";
			};
			name = Release;
		};
/* End XCBuildConfiguration section */

/* Begin XCConfigurationList section */
		3A3904AC2A7063840062BABE /* Build configuration list for PBXProject "Countries" */ = {
			isa = XCConfigurationList;
			buildConfigurations = (
				3A3904C32A7063860062BABE /* Debug */,
				3A3904C42A7063860062BABE /* Release */,
			);
			defaultConfigurationIsVisible = 0;
			defaultConfigurationName = Release;
		};
		3A3904C52A7063860062BABE /* Build configuration list for PBXNativeTarget "Countries" */ = {
			isa = XCConfigurationList;
			buildConfigurations = (
				3A3904C62A7063860062BABE /* Debug */,
				3A3904C72A7063860062BABE /* Release */,
			);
			defaultConfigurationIsVisible = 0;
			defaultConfigurationName = Release;
		};
/* End XCConfigurationList section */
	};
	rootObject = 3A3904A92A7063840062BABE /* Project object */;
}
